
Microsoft Visual Studio Solution File, Format Version 12.00
# Visual Studio Version 17
VisualStudioVersion = 17.9.34607.119
MinimumVisualStudioVersion = 10.0.40219.1
Project("{FAE04EC0-301F-11D3-BF4B-00C04F79EFBC}") = "ASAssessment", "ASAssessment.csproj", "{BCC6A798-55A5-419E-B246-FA6CCBCC07A6}"
EndProject
Project("{9A19103F-16F7-4668-BE54-9A1E7A4F7556}") = "ASAssessmentTests", "..\ASAssessmentTests\ASAssessmentTests.csproj", "{65312903-8AF2-4B17-8EB0-FE11C4168F07}"
EndProject
Global
	GlobalSection(SolutionConfigurationPlatforms) = preSolution
		Debug|Any CPU = Debug|Any CPU
		Release|Any CPU = Release|Any CPU
	EndGlobalSection
	GlobalSection(ProjectConfigurationPlatforms) = postSolution
		{BCC6A798-55A5-419E-B246-FA6CCBCC07A6}.Debug|Any CPU.ActiveCfg = Debug|Any CPU
		{BCC6A798-55A5-419E-B246-FA6CCBCC07A6}.Debug|Any CPU.Build.0 = Debug|Any CPU
		{BCC6A798-55A5-419E-B246-FA6CCBCC07A6}.Release|Any CPU.ActiveCfg = Release|Any CPU
		{BCC6A798-55A5-419E-B246-FA6CCBCC07A6}.Release|Any CPU.Build.0 = Release|Any CPU
		{65312903-8AF2-4B17-8EB0-FE11C4168F07}.Debug|Any CPU.ActiveCfg = Debug|Any CPU
		{65312903-8AF2-4B17-8EB0-FE11C4168F07}.Debug|Any CPU.Build.0 = Debug|Any CPU
		{65312903-8AF2-4B17-8EB0-FE11C4168F07}.Release|Any CPU.ActiveCfg = Release|Any CPU
		{65312903-8AF2-4B17-8EB0-FE11C4168F07}.Release|Any CPU.Build.0 = Release|Any CPU
	EndGlobalSection
	GlobalSection(SolutionProperties) = preSolution
		HideSolutionNode = FALSE
	EndGlobalSection
	GlobalSection(ExtensibilityGlobals) = postSolution
		SolutionGuid = {B452F936-279F-4BFF-AC69-5C25E3A4FB90}
	EndGlobalSection
EndGlobal
